// !$*UTF8*$!
{
	archiveVersion = 1;
	classes = {
	};
	objectVersion = 56;
	objects = {

/* Begin PBXBuildFile section */
		175033F22B99ED880088EAE6 /* DailyScrum.swift in Sources */ = {isa = PBXBuildFile; fileRef = 175033EF2B99ED880088EAE6 /* DailyScrum.swift */; };
		175033F32B99ED880088EAE6 /* AVPlayer+Ding.swift in Sources */ = {isa = PBXBuildFile; fileRef = 175033F02B99ED880088EAE6 /* AVPlayer+Ding.swift */; };
		175033F42B99ED880088EAE6 /* ScrumTimer.swift in Sources */ = {isa = PBXBuildFile; fileRef = 175033F12B99ED880088EAE6 /* ScrumTimer.swift */; };
		175033F62B99EE650088EAE6 /* MeetingFooterView.swift in Sources */ = {isa = PBXBuildFile; fileRef = 175033F52B99EE650088EAE6 /* MeetingFooterView.swift */; };
		1799032C2B99E75D008007BC /* MeetingHeaderView.swift in Sources */ = {isa = PBXBuildFile; fileRef = 1799032B2B99E75D008007BC /* MeetingHeaderView.swift */; };
		17D05FFE2B98AFA7005538C6 /* DetailView.swift in Sources */ = {isa = PBXBuildFile; fileRef = 17D05FFD2B98AFA7005538C6 /* DetailView.swift */; };
		17D060002B995E48005538C6 /* DetailEditView.swift in Sources */ = {isa = PBXBuildFile; fileRef = 17D05FFF2B995E48005538C6 /* DetailEditView.swift */; };
		17D060022B9971AC005538C6 /* ThemeView.swift in Sources */ = {isa = PBXBuildFile; fileRef = 17D060012B9971AC005538C6 /* ThemeView.swift */; };
		17D060052B997263005538C6 /* ThemePicker.swift in Sources */ = {isa = PBXBuildFile; fileRef = 17D060042B997263005538C6 /* ThemePicker.swift */; };
		17DACA902B9888CB0093D104 /* ScrumdingerApp.swift in Sources */ = {isa = PBXBuildFile; fileRef = 17DACA8F2B9888CB0093D104 /* ScrumdingerApp.swift */; };
		17DACA922B9888CB0093D104 /* MeetingView.swift in Sources */ = {isa = PBXBuildFile; fileRef = 17DACA912B9888CB0093D104 /* MeetingView.swift */; };
		17DACA942B9888CC0093D104 /* Assets.xcassets in Resources */ = {isa = PBXBuildFile; fileRef = 17DACA932B9888CC0093D104 /* Assets.xcassets */; };
		17DACA972B9888CC0093D104 /* Preview Assets.xcassets in Resources */ = {isa = PBXBuildFile; fileRef = 17DACA962B9888CC0093D104 /* Preview Assets.xcassets */; };
		17DACA9F2B988C080093D104 /* Theme.swift in Sources */ = {isa = PBXBuildFile; fileRef = 17DACA9E2B988C080093D104 /* Theme.swift */; };
		17DACAA32B988DC70093D104 /* CardView.swift in Sources */ = {isa = PBXBuildFile; fileRef = 17DACAA22B988DC70093D104 /* CardView.swift */; };
		17DACAA52B988FC40093D104 /* TrailingIconLabelStyle.swift in Sources */ = {isa = PBXBuildFile; fileRef = 17DACAA42B988FC40093D104 /* TrailingIconLabelStyle.swift */; };
		17DACAA72B9891FA0093D104 /* ScrumsView.swift in Sources */ = {isa = PBXBuildFile; fileRef = 17DACAA62B9891FA0093D104 /* ScrumsView.swift */; };
/* End PBXBuildFile section */

/* Begin PBXFileReference section */
		175033EF2B99ED880088EAE6 /* DailyScrum.swift */ = {isa = PBXFileReference; fileEncoding = 4; lastKnownFileType = sourcecode.swift; path = DailyScrum.swift; sourceTree = "<group>"; };
		175033F02B99ED880088EAE6 /* AVPlayer+Ding.swift */ = {isa = PBXFileReference; fileEncoding = 4; lastKnownFileType = sourcecode.swift; path = "AVPlayer+Ding.swift"; sourceTree = "<group>"; };
		175033F12B99ED880088EAE6 /* ScrumTimer.swift */ = {isa = PBXFileReference; fileEncoding = 4; lastKnownFileType = sourcecode.swift; path = ScrumTimer.swift; sourceTree = "<group>"; };
		175033F52B99EE650088EAE6 /* MeetingFooterView.swift */ = {isa = PBXFileReference; lastKnownFileType = sourcecode.swift; path = MeetingFooterView.swift; sourceTree = "<group>"; };
		1799032B2B99E75D008007BC /* MeetingHeaderView.swift */ = {isa = PBXFileReference; lastKnownFileType = sourcecode.swift; path = MeetingHeaderView.swift; sourceTree = "<group>"; };
		17D05FFD2B98AFA7005538C6 /* DetailView.swift */ = {isa = PBXFileReference; lastKnownFileType = sourcecode.swift; path = DetailView.swift; sourceTree = "<group>"; };
		17D05FFF2B995E48005538C6 /* DetailEditView.swift */ = {isa = PBXFileReference; lastKnownFileType = sourcecode.swift; path = DetailEditView.swift; sourceTree = "<group>"; };
		17D060012B9971AC005538C6 /* ThemeView.swift */ = {isa = PBXFileReference; lastKnownFileType = sourcecode.swift; path = ThemeView.swift; sourceTree = "<group>"; };
		17D060042B997263005538C6 /* ThemePicker.swift */ = {isa = PBXFileReference; lastKnownFileType = sourcecode.swift; path = ThemePicker.swift; sourceTree = "<group>"; };
		17DACA8C2B9888CB0093D104 /* Scrumdinger.app */ = {isa = PBXFileReference; explicitFileType = wrapper.application; includeInIndex = 0; path = Scrumdinger.app; sourceTree = BUILT_PRODUCTS_DIR; };
		17DACA8F2B9888CB0093D104 /* ScrumdingerApp.swift */ = {isa = PBXFileReference; lastKnownFileType = sourcecode.swift; path = ScrumdingerApp.swift; sourceTree = "<group>"; };
		17DACA912B9888CB0093D104 /* MeetingView.swift */ = {isa = PBXFileReference; lastKnownFileType = sourcecode.swift; path = MeetingView.swift; sourceTree = "<group>"; };
		17DACA932B9888CC0093D104 /* Assets.xcassets */ = {isa = PBXFileReference; lastKnownFileType = folder.assetcatalog; path = Assets.xcassets; sourceTree = "<group>"; };
		17DACA962B9888CC0093D104 /* Preview Assets.xcassets */ = {isa = PBXFileReference; lastKnownFileType = folder.assetcatalog; path = "Preview Assets.xcassets"; sourceTree = "<group>"; };
		17DACA9E2B988C080093D104 /* Theme.swift */ = {isa = PBXFileReference; lastKnownFileType = sourcecode.swift; path = Theme.swift; sourceTree = "<group>"; };
		17DACAA22B988DC70093D104 /* CardView.swift */ = {isa = PBXFileReference; lastKnownFileType = sourcecode.swift; path = CardView.swift; sourceTree = "<group>"; };
		17DACAA42B988FC40093D104 /* TrailingIconLabelStyle.swift */ = {isa = PBXFileReference; lastKnownFileType = sourcecode.swift; path = TrailingIconLabelStyle.swift; sourceTree = "<group>"; };
		17DACAA62B9891FA0093D104 /* ScrumsView.swift */ = {isa = PBXFileReference; lastKnownFileType = sourcecode.swift; path = ScrumsView.swift; sourceTree = "<group>"; };
/* End PBXFileReference section */

/* Begin PBXFrameworksBuildPhase section */
		17DACA892B9888CB0093D104 /* Frameworks */ = {
			isa = PBXFrameworksBuildPhase;
			buildActionMask = 2147483647;
			files = (
			);
			runOnlyForDeploymentPostprocessing = 0;
		};
/* End PBXFrameworksBuildPhase section */

/* Begin PBXGroup section */
		17D060032B997253005538C6 /* Views */ = {
			isa = PBXGroup;
			children = (
				17DACAA22B988DC70093D104 /* CardView.swift */,
				17DACA912B9888CB0093D104 /* MeetingView.swift */,
				17DACAA62B9891FA0093D104 /* ScrumsView.swift */,
				17D05FFD2B98AFA7005538C6 /* DetailView.swift */,
				17D05FFF2B995E48005538C6 /* DetailEditView.swift */,
				17D060012B9971AC005538C6 /* ThemeView.swift */,
				17D060042B997263005538C6 /* ThemePicker.swift */,
				1799032B2B99E75D008007BC /* MeetingHeaderView.swift */,
				175033F52B99EE650088EAE6 /* MeetingFooterView.swift */,
			);
			path = Views;
			sourceTree = "<group>";
		};
		17DACA832B9888CB0093D104 = {
			isa = PBXGroup;
			children = (
				17DACA8E2B9888CB0093D104 /* Scrumdinger */,
				17DACA8D2B9888CB0093D104 /* Products */,
			);
			sourceTree = "<group>";
		};
		17DACA8D2B9888CB0093D104 /* Products */ = {
			isa = PBXGroup;
			children = (
				17DACA8C2B9888CB0093D104 /* Scrumdinger.app */,
			);
			name = Products;
			sourceTree = "<group>";
		};
		17DACA8E2B9888CB0093D104 /* Scrumdinger */ = {
			isa = PBXGroup;
			children = (
				17D060032B997253005538C6 /* Views */,
				17DACA9D2B988BFA0093D104 /* Models */,
				17DACAA42B988FC40093D104 /* TrailingIconLabelStyle.swift */,
				17DACA8F2B9888CB0093D104 /* ScrumdingerApp.swift */,
				17DACA932B9888CC0093D104 /* Assets.xcassets */,
				17DACA952B9888CC0093D104 /* Preview Content */,
			);
			path = Scrumdinger;
			sourceTree = "<group>";
		};
		17DACA952B9888CC0093D104 /* Preview Content */ = {
			isa = PBXGroup;
			children = (
				17DACA962B9888CC0093D104 /* Preview Assets.xcassets */,
			);
			path = "Preview Content";
			sourceTree = "<group>";
		};
		17DACA9D2B988BFA0093D104 /* Models */ = {
			isa = PBXGroup;
			children = (
				175033F02B99ED880088EAE6 /* AVPlayer+Ding.swift */,
				175033EF2B99ED880088EAE6 /* DailyScrum.swift */,
				175033F12B99ED880088EAE6 /* ScrumTimer.swift */,
				17DACA9E2B988C080093D104 /* Theme.swift */,
			);
			path = Models;
			sourceTree = "<group>";
		};
/* End PBXGroup section */

/* Begin PBXNativeTarget section */
		17DACA8B2B9888CB0093D104 /* Scrumdinger */ = {
			isa = PBXNativeTarget;
			buildConfigurationList = 17DACA9A2B9888CC0093D104 /* Build configuration list for PBXNativeTarget "Scrumdinger" */;
			buildPhases = (
				17DACA882B9888CB0093D104 /* Sources */,
				17DACA892B9888CB0093D104 /* Frameworks */,
				17DACA8A2B9888CB0093D104 /* Resources */,
			);
			buildRules = (
			);
			dependencies = (
			);
			name = Scrumdinger;
			productName = Scrumdinger;
			productReference = 17DACA8C2B9888CB0093D104 /* Scrumdinger.app */;
			productType = "com.apple.product-type.application";
		};
/* End PBXNativeTarget section */

/* Begin PBXProject section */
		17DACA842B9888CB0093D104 /* Project object */ = {
			isa = PBXProject;
			attributes = {
				BuildIndependentTargetsInParallel = 1;
				LastSwiftUpdateCheck = 1520;
				LastUpgradeCheck = 1520;
				TargetAttributes = {
					17DACA8B2B9888CB0093D104 = {
						CreatedOnToolsVersion = 15.2;
					};
				};
			};
			buildConfigurationList = 17DACA872B9888CB0093D104 /* Build configuration list for PBXProject "Scrumdinger" */;
			compatibilityVersion = "Xcode 14.0";
			developmentRegion = en;
			hasScannedForEncodings = 0;
			knownRegions = (
				en,
				Base,
			);
			mainGroup = 17DACA832B9888CB0093D104;
			productRefGroup = 17DACA8D2B9888CB0093D104 /* Products */;
			projectDirPath = "";
			projectRoot = "";
			targets = (
				17DACA8B2B9888CB0093D104 /* Scrumdinger */,
			);
		};
/* End PBXProject section */

/* Begin PBXResourcesBuildPhase section */
		17DACA8A2B9888CB0093D104 /* Resources */ = {
			isa = PBXResourcesBuildPhase;
			buildActionMask = 2147483647;
			files = (
				17DACA972B9888CC0093D104 /* Preview Assets.xcassets in Resources */,
				17DACA942B9888CC0093D104 /* Assets.xcassets in Resources */,
			);
			runOnlyForDeploymentPostprocessing = 0;
		};
/* End PBXResourcesBuildPhase section */

/* Begin PBXSourcesBuildPhase section */
		17DACA882B9888CB0093D104 /* Sources */ = {
			isa = PBXSourcesBuildPhase;
			buildActionMask = 2147483647;
			files = (
				17D060052B997263005538C6 /* ThemePicker.swift in Sources */,
				17D05FFE2B98AFA7005538C6 /* DetailView.swift in Sources */,
				175033F62B99EE650088EAE6 /* MeetingFooterView.swift in Sources */,
				175033F42B99ED880088EAE6 /* ScrumTimer.swift in Sources */,
				17D060002B995E48005538C6 /* DetailEditView.swift in Sources */,
				175033F32B99ED880088EAE6 /* AVPlayer+Ding.swift in Sources */,
				17DACAA52B988FC40093D104 /* TrailingIconLabelStyle.swift in Sources */,
				175033F22B99ED880088EAE6 /* DailyScrum.swift in Sources */,
				17DACA9F2B988C080093D104 /* Theme.swift in Sources */,
				17DACAA72B9891FA0093D104 /* ScrumsView.swift in Sources */,
				17DACA922B9888CB0093D104 /* MeetingView.swift in Sources */,
				17DACA902B9888CB0093D104 /* ScrumdingerApp.swift in Sources */,
				17D060022B9971AC005538C6 /* ThemeView.swift in Sources */,
				1799032C2B99E75D008007BC /* MeetingHeaderView.swift in Sources */,
				17DACAA32B988DC70093D104 /* CardView.swift in Sources */,
			);
			runOnlyForDeploymentPostprocessing = 0;
		};
/* End PBXSourcesBuildPhase section */

/* Begin XCBuildConfiguration section */
		17DACA982B9888CC0093D104 /* Debug */ = {
			isa = XCBuildConfiguration;
			buildSettings = {
				ALWAYS_SEARCH_USER_PATHS = NO;
				ASSETCATALOG_COMPILER_GENERATE_SWIFT_ASSET_SYMBOL_EXTENSIONS = YES;
				CLANG_ANALYZER_NONNULL = YES;
				CLANG_ANALYZER_NUMBER_OBJECT_CONVERSION = YES_AGGRESSIVE;
				CLANG_CXX_LANGUAGE_STANDARD = "gnu++20";
				CLANG_ENABLE_MODULES = YES;
				CLANG_ENABLE_OBJC_ARC = YES;
				CLANG_ENABLE_OBJC_WEAK = YES;
				CLANG_WARN_BLOCK_CAPTURE_AUTORELEASING = YES;
				CLANG_WARN_BOOL_CONVERSION = YES;
				CLANG_WARN_COMMA = YES;
				CLANG_WARN_CONSTANT_CONVERSION = YES;
				CLANG_WARN_DEPRECATED_OBJC_IMPLEMENTATIONS = YES;
				CLANG_WARN_DIRECT_OBJC_ISA_USAGE = YES_ERROR;
				CLANG_WARN_DOCUMENTATION_COMMENTS = YES;
				CLANG_WARN_EMPTY_BODY = YES;
				CLANG_WARN_ENUM_CONVERSION = YES;
				CLANG_WARN_INFINITE_RECURSION = YES;
				CLANG_WARN_INT_CONVERSION = YES;
				CLANG_WARN_NON_LITERAL_NULL_CONVERSION = YES;
				CLANG_WARN_OBJC_IMPLICIT_RETAIN_SELF = YES;
				CLANG_WARN_OBJC_LITERAL_CONVERSION = YES;
				CLANG_WARN_OBJC_ROOT_CLASS = YES_ERROR;
				CLANG_WARN_QUOTED_INCLUDE_IN_FRAMEWORK_HEADER = YES;
				CLANG_WARN_RANGE_LOOP_ANALYSIS = YES;
				CLANG_WARN_STRICT_PROTOTYPES = YES;
				CLANG_WARN_SUSPICIOUS_MOVE = YES;
				CLANG_WARN_UNGUARDED_AVAILABILITY = YES_AGGRESSIVE;
				CLANG_WARN_UNREACHABLE_CODE = YES;
				CLANG_WARN__DUPLICATE_METHOD_MATCH = YES;
				COPY_PHASE_STRIP = NO;
				DEBUG_INFORMATION_FORMAT = dwarf;
				ENABLE_STRICT_OBJC_MSGSEND = YES;
				ENABLE_TESTABILITY = YES;
				ENABLE_USER_SCRIPT_SANDBOXING = YES;
				GCC_C_LANGUAGE_STANDARD = gnu17;
				GCC_DYNAMIC_NO_PIC = NO;
				GCC_NO_COMMON_BLOCKS = YES;
				GCC_OPTIMIZATION_LEVEL = 0;
				GCC_PREPROCESSOR_DEFINITIONS = (
					"DEBUG=1",
					"$(inherited)",
				);
				GCC_WARN_64_TO_32_BIT_CONVERSION = YES;
				GCC_WARN_ABOUT_RETURN_TYPE = YES_ERROR;
				GCC_WARN_UNDECLARED_SELECTOR = YES;
				GCC_WARN_UNINITIALIZED_AUTOS = YES_AGGRESSIVE;
				GCC_WARN_UNUSED_FUNCTION = YES;
				GCC_WARN_UNUSED_VARIABLE = YES;
				IPHONEOS_DEPLOYMENT_TARGET = 17.2;
				LOCALIZATION_PREFERS_STRING_CATALOGS = YES;
				MTL_ENABLE_DEBUG_INFO = INCLUDE_SOURCE;
				MTL_FAST_MATH = YES;
				ONLY_ACTIVE_ARCH = YES;
				SDKROOT = iphoneos;
				SWIFT_ACTIVE_COMPILATION_CONDITIONS = "DEBUG $(inherited)";
				SWIFT_OPTIMIZATION_LEVEL = "-Onone";
			};
			name = Debug;
		};
		17DACA992B9888CC0093D104 /* Release */ = {
			isa = XCBuildConfiguration;
			buildSettings = {
				ALWAYS_SEARCH_USER_PATHS = NO;
				ASSETCATALOG_COMPILER_GENERATE_SWIFT_ASSET_SYMBOL_EXTENSIONS = YES;
				CLANG_ANALYZER_NONNULL = YES;
				CLANG_ANALYZER_NUMBER_OBJECT_CONVERSION = YES_AGGRESSIVE;
				CLANG_CXX_LANGUAGE_STANDARD = "gnu++20";
				CLANG_ENABLE_MODULES = YES;
				CLANG_ENABLE_OBJC_ARC = YES;
				CLANG_ENABLE_OBJC_WEAK = YES;
				CLANG_WARN_BLOCK_CAPTURE_AUTORELEASING = YES;
				CLANG_WARN_BOOL_CONVERSION = YES;
				CLANG_WARN_COMMA = YES;
				CLANG_WARN_CONSTANT_CONVERSION = YES;
				CLANG_WARN_DEPRECATED_OBJC_IMPLEMENTATIONS = YES;
				CLANG_WARN_DIRECT_OBJC_ISA_USAGE = YES_ERROR;
				CLANG_WARN_DOCUMENTATION_COMMENTS = YES;
				CLANG_WARN_EMPTY_BODY = YES;
				CLANG_WARN_ENUM_CONVERSION = YES;
				CLANG_WARN_INFINITE_RECURSION = YES;
				CLANG_WARN_INT_CONVERSION = YES;
				CLANG_WARN_NON_LITERAL_NULL_CONVERSION = YES;
				CLANG_WARN_OBJC_IMPLICIT_RETAIN_SELF = YES;
				CLANG_WARN_OBJC_LITERAL_CONVERSION = YES;
				CLANG_WARN_OBJC_ROOT_CLASS = YES_ERROR;
				CLANG_WARN_QUOTED_INCLUDE_IN_FRAMEWORK_HEADER = YES;
				CLANG_WARN_RANGE_LOOP_ANALYSIS = YES;
				CLANG_WARN_STRICT_PROTOTYPES = YES;
				CLANG_WARN_SUSPICIOUS_MOVE = YES;
				CLANG_WARN_UNGUARDED_AVAILABILITY = YES_AGGRESSIVE;
				CLANG_WARN_UNREACHABLE_CODE = YES;
				CLANG_WARN__DUPLICATE_METHOD_MATCH = YES;
				COPY_PHASE_STRIP = NO;
				DEBUG_INFORMATION_FORMAT = "dwarf-with-dsym";
				ENABLE_NS_ASSERTIONS = NO;
				ENABLE_STRICT_OBJC_MSGSEND = YES;
				ENABLE_USER_SCRIPT_SANDBOXING = YES;
				GCC_C_LANGUAGE_STANDARD = gnu17;
				GCC_NO_COMMON_BLOCKS = YES;
				GCC_WARN_64_TO_32_BIT_CONVERSION = YES;
				GCC_WARN_ABOUT_RETURN_TYPE = YES_ERROR;
				GCC_WARN_UNDECLARED_SELECTOR = YES;
				GCC_WARN_UNINITIALIZED_AUTOS = YES_AGGRESSIVE;
				GCC_WARN_UNUSED_FUNCTION = YES;
				GCC_WARN_UNUSED_VARIABLE = YES;
				IPHONEOS_DEPLOYMENT_TARGET = 17.2;
				LOCALIZATION_PREFERS_STRING_CATALOGS = YES;
				MTL_ENABLE_DEBUG_INFO = NO;
				MTL_FAST_MATH = YES;
				SDKROOT = iphoneos;
				SWIFT_COMPILATION_MODE = wholemodule;
				VALIDATE_PRODUCT = YES;
			};
			name = Release;
		};
		17DACA9B2B9888CC0093D104 /* Debug */ = {
			isa = XCBuildConfiguration;
			buildSettings = {
				ASSETCATALOG_COMPILER_APPICON_NAME = AppIcon;
				ASSETCATALOG_COMPILER_GLOBAL_ACCENT_COLOR_NAME = AccentColor;
				CODE_SIGN_STYLE = Automatic;
				CURRENT_PROJECT_VERSION = 1;
				DEVELOPMENT_ASSET_PATHS = "\"Scrumdinger/Preview Content\"";
				DEVELOPMENT_TEAM = 47PZ53ZAF2;
				ENABLE_PREVIEWS = YES;
				GENERATE_INFOPLIST_FILE = YES;
				INFOPLIST_KEY_UIApplicationSceneManifest_Generation = YES;
				INFOPLIST_KEY_UIApplicationSupportsIndirectInputEvents = YES;
				INFOPLIST_KEY_UILaunchScreen_Generation = YES;
				INFOPLIST_KEY_UISupportedInterfaceOrientations_iPad = "UIInterfaceOrientationPortrait UIInterfaceOrientationPortraitUpsideDown UIInterfaceOrientationLandscapeLeft UIInterfaceOrientationLandscapeRight";
				INFOPLIST_KEY_UISupportedInterfaceOrientations_iPhone = "UIInterfaceOrientationPortrait UIInterfaceOrientationLandscapeLeft UIInterfaceOrientationLandscapeRight";
				LD_RUNPATH_SEARCH_PATHS = (
					"$(inherited)",
					"@executable_path/Frameworks",
				);
				MARKETING_VERSION = 1.0;
				PRODUCT_BUNDLE_IDENTIFIER = namudi.Scrumdinger;
				PRODUCT_NAME = "$(TARGET_NAME)";
				SWIFT_EMIT_LOC_STRINGS = YES;
				SWIFT_VERSION = 5.0;
				TARGETED_DEVICE_FAMILY = "1,2";
			};
			name = Debug;
		};
		17DACA9C2B9888CC0093D104 /* Release */ = {
			isa = XCBuildConfiguration;
			buildSettings = {
				ASSETCATALOG_COMPILER_APPICON_NAME = AppIcon;
				ASSETCATALOG_COMPILER_GLOBAL_ACCENT_COLOR_NAME = AccentColor;
				CODE_SIGN_STYLE = Automatic;
				CURRENT_PROJECT_VERSION = 1;
				DEVELOPMENT_ASSET_PATHS = "\"Scrumdinger/Preview Content\"";
				DEVELOPMENT_TEAM = 47PZ53ZAF2;
				ENABLE_PREVIEWS = YES;
				GENERATE_INFOPLIST_FILE = YES;
				INFOPLIST_KEY_UIApplicationSceneManifest_Generation = YES;
				INFOPLIST_KEY_UIApplicationSupportsIndirectInputEvents = YES;
				INFOPLIST_KEY_UILaunchScreen_Generation = YES;
				INFOPLIST_KEY_UISupportedInterfaceOrientations_iPad = "UIInterfaceOrientationPortrait UIInterfaceOrientationPortraitUpsideDown UIInterfaceOrientationLandscapeLeft UIInterfaceOrientationLandscapeRight";
				INFOPLIST_KEY_UISupportedInterfaceOrientations_iPhone = "UIInterfaceOrientationPortrait UIInterfaceOrientationLandscapeLeft UIInterfaceOrientationLandscapeRight";
				LD_RUNPATH_SEARCH_PATHS = (
					"$(inherited)",
					"@executable_path/Frameworks",
				);
				MARKETING_VERSION = 1.0;
				PRODUCT_BUNDLE_IDENTIFIER = namudi.Scrumdinger;
				PRODUCT_NAME = "$(TARGET_NAME)";
				SWIFT_EMIT_LOC_STRINGS = YES;
				SWIFT_VERSION = 5.0;
				TARGETED_DEVICE_FAMILY = "1,2";
			};
			name = Release;
		};
/* End XCBuildConfiguration section */

/* Begin XCConfigurationList section */
		17DACA872B9888CB0093D104 /* Build configuration list for PBXProject "Scrumdinger" */ = {
			isa = XCConfigurationList;
			buildConfigurations = (
				17DACA982B9888CC0093D104 /* Debug */,
				17DACA992B9888CC0093D104 /* Release */,
			);
			defaultConfigurationIsVisible = 0;
			defaultConfigurationName = Release;
		};
		17DACA9A2B9888CC0093D104 /* Build configuration list for PBXNativeTarget "Scrumdinger" */ = {
			isa = XCConfigurationList;
			buildConfigurations = (
				17DACA9B2B9888CC0093D104 /* Debug */,
				17DACA9C2B9888CC0093D104 /* Release */,
			);
			defaultConfigurationIsVisible = 0;
			defaultConfigurationName = Release;
		};
/* End XCConfigurationList section */
	};
	rootObject = 17DACA842B9888CB0093D104 /* Project object */;
}
